Microsoft Visual Studio Solution File, Format Version 12.00
# Visual Studio Version 17
VisualStudioVersion = 17.5.2.0
MinimumVisualStudioVersion = 10.0.40219.1
Project("{FAE04EC0-301F-11D3-BF4B-00C04F79EFBC}") = "IPC2_Proyecto1_2020XXXX", "IPC2_Proyecto1_2020XXXX.csproj", "{AB1E1378-93D5-EFC5-3381-464BC9C44AEF}"
EndProject
Global
	GlobalSection(SolutionConfigurationPlatforms) = preSolution
		Debug|Any CPU = Debug|Any CPU
		Release|Any CPU = Release|Any CPU
	EndGlobalSection
	GlobalSection(ProjectConfigurationPlatforms) = postSolution
		{AB1E1378-93D5-EFC5-3381-464BC9C44AEF}.Debug|Any CPU.ActiveCfg = Debug|Any CPU
		{AB1E1378-93D5-EFC5-3381-464BC9C44AEF}.Debug|Any CPU.Build.0 = Debug|Any CPU
		{AB1E1378-93D5-EFC5-3381-464BC9C44AEF}.Release|Any CPU.ActiveCfg = Release|Any CPU
		{AB1E1378-93D5-EFC5-3381-464BC9C44AEF}.Release|Any CPU.Build.0 = Release|Any CPU
	EndGlobalSection
	GlobalSection(SolutionProperties) = preSolution
		HideSolutionNode = FALSE
	EndGlobalSection
	GlobalSection(ExtensibilityGlobals) = postSolution
		SolutionGuid = {E1FBCC76-B969-4729-93F9-381CAA31CF35}
	EndGlobalSection
EndGlobal
